
Microsoft Visual Studio Solution File, Format Version 12.00
# Visual Studio Version 17
VisualStudioVersion = 17.7.34031.279
MinimumVisualStudioVersion = 10.0.40219.1
Project("{FAE04EC0-301F-11D3-BF4B-00C04F79EFBC}") = "Kyrsach", "Kyrsach.csproj", "{A7BE3A39-D280-4E11-8AB4-6766798AFD87}"
EndProject
Project("{FAE04EC0-301F-11D3-BF4B-00C04F79EFBC}") = "KyrsachTests", "..\KyrsachTests\KyrsachTests.csproj", "{D329F1C3-C549-421A-B65E-F4C030A57F2D}"
EndProject
Global
	GlobalSection(SolutionConfigurationPlatforms) = preSolution
		Debug|Any CPU = Debug|Any CPU
		Release|Any CPU = Release|Any CPU
	EndGlobalSection
	GlobalSection(ProjectConfigurationPlatforms) = postSolution
		{A7BE3A39-D280-4E11-8AB4-6766798AFD87}.Debug|Any CPU.ActiveCfg = Debug|Any CPU
		{A7BE3A39-D280-4E11-8AB4-6766798AFD87}.Debug|Any CPU.Build.0 = Debug|Any CPU
		{A7BE3A39-D280-4E11-8AB4-6766798AFD87}.Release|Any CPU.ActiveCfg = Release|Any CPU
		{A7BE3A39-D280-4E11-8AB4-6766798AFD87}.Release|Any CPU.Build.0 = Release|Any CPU
		{D329F1C3-C549-421A-B65E-F4C030A57F2D}.Debug|Any CPU.ActiveCfg = Debug|Any CPU
		{D329F1C3-C549-421A-B65E-F4C030A57F2D}.Debug|Any CPU.Build.0 = Debug|Any CPU
		{D329F1C3-C549-421A-B65E-F4C030A57F2D}.Release|Any CPU.ActiveCfg = Release|Any CPU
		{D329F1C3-C549-421A-B65E-F4C030A57F2D}.Release|Any CPU.Build.0 = Release|Any CPU
	EndGlobalSection
	GlobalSection(SolutionProperties) = preSolution
		HideSolutionNode = FALSE
	EndGlobalSection
	GlobalSection(ExtensibilityGlobals) = postSolution
		SolutionGuid = {696739AF-8C43-440B-8C57-262F854859E4}
	EndGlobalSection
EndGlobal
